
Microsoft Visual Studio Solution File, Format Version 12.00
# Visual Studio Version 16
VisualStudioVersion = 16.0.31019.167
MinimumVisualStudioVersion = 10.0.40219.1
Project("{9A19103F-16F7-4668-BE54-9A1E7A4F7556}") = "ConsoleApp4", "ConsoleApp4\ConsoleApp4.csproj", "{70BA71F5-E4AF-41AE-A1B1-D04ABCA760CE}"
EndProject
Global
	GlobalSection(SolutionConfigurationPlatforms) = preSolution
		Debug|Any CPU = Debug|Any CPU
		Release|Any CPU = Release|Any CPU
	EndGlobalSection
	GlobalSection(ProjectConfigurationPlatforms) = postSolution
		{70BA71F5-E4AF-41AE-A1B1-D04ABCA760CE}.Debug|Any CPU.ActiveCfg = Debug|Any CPU
		{70BA71F5-E4AF-41AE-A1B1-D04ABCA760CE}.Debug|Any CPU.Build.0 = Debug|Any CPU
		{70BA71F5-E4AF-41AE-A1B1-D04ABCA760CE}.Release|Any CPU.ActiveCfg = Release|Any CPU
		{70BA71F5-E4AF-41AE-A1B1-D04ABCA760CE}.Release|Any CPU.Build.0 = Release|Any CPU
	EndGlobalSection
	GlobalSection(SolutionProperties) = preSolution
		HideSolutionNode = FALSE
	EndGlobalSection
	GlobalSection(ExtensibilityGlobals) = postSolution
		SolutionGuid = {62536295-D784-4268-91AE-3C57F6922821}
	EndGlobalSection
EndGlobal
